<?xml version="1.0" encoding="utf-8"?>
<Project ToolsVersion="4.0" xmlns="http://schemas.microsoft.com/developer/msbuild/2003">
  <ItemGroup>
    <ClCompile Include="Core.cpp">
      <Filter>Source Files</Filter>
    </ClCompile>
    <ClCompile Include="File.cpp">
      <Filter>Source Files</Filter>
    </ClCompile>
    <ClCompile Include="Input.cpp">
      <Filter>Source Files</Filter>
    </ClCompile>
    <ClCompile Include="Main.cpp">
      <Filter>Source Files</Filter>
    </ClCompile>
    <ClCompile Include="Camera.cpp">
      <Filter>Source Files\Render</Filter>
    </ClCompile>
    <ClCompile Include="FBO.cpp">
      <Filter>Source Files\Render</Filter>
    </ClCompile>
    <ClCompile Include="Matrices.cpp">
      <Filter>Source Files\Render</Filter>
    </ClCompile>
    <ClCompile Include="Mesh.cpp">
      <Filter>Source Files\Render</Filter>
    </ClCompile>
    <ClCompile Include="Renderer.cpp">
      <Filter>Source Files\Render</Filter>
    </ClCompile>
    <ClCompile Include="Shader.cpp">
      <Filter>Source Files\Render</Filter>
    </ClCompile>
    <ClCompile Include="Texture.cpp">
      <Filter>Source Files\Render</Filter>
    </ClCompile>
    <ClCompile Include="VAO.cpp">
      <Filter>Source Files\Render</Filter>
    </ClCompile>
    <ClCompile Include="State.cpp">
      <Filter>Source Files\Update</Filter>
    </ClCompile>
    <ClCompile Include="Terrain.cpp">
      <Filter>Source Files\Update\Terrain</Filter>
    </ClCompile>
    <ClCompile Include="Chunk.cpp">
      <Filter>Source Files\Update\Terrain</Filter>
    </ClCompile>
    <ClCompile Include="Entity.cpp">
      <Filter>Source Files\Update\Entity</Filter>
    </ClCompile>
    <ClCompile Include="Player.cpp">
      <Filter>Source Files\Update\Entity</Filter>
    </ClCompile>
    <ClCompile Include="GUIElement.cpp">
      <Filter>Source Files\Render\GUI</Filter>
    </ClCompile>
    <ClCompile Include="pugixml\pugixml.cpp">
      <Filter>pugixml</Filter>
    </ClCompile>
    <ClCompile Include="stb_image.c">
      <Filter>stb</Filter>
    </ClCompile>
  </ItemGroup>
  <ItemGroup>
    <ClInclude Include="ResourceCache.h">
      <Filter>Header Files</Filter>
    </ClInclude>
    <ClInclude Include="ResourceLoader.h">
      <Filter>Header Files</Filter>
    </ClInclude>
    <ClInclude Include="Main.h">
      <Filter>Header Files</Filter>
    </ClInclude>
    <ClInclude Include="Core.h">
      <Filter>Header Files</Filter>
    </ClInclude>
    <ClInclude Include="Input.h">
      <Filter>Header Files</Filter>
    </ClInclude>
    <ClInclude Include="File.h">
      <Filter>Header Files</Filter>
    </ClInclude>
    <ClInclude Include="Base.h">
      <Filter>Header Files</Filter>
    </ClInclude>
    <ClInclude Include="MacroInput.h">
      <Filter>Header Files\Macros</Filter>
    </ClInclude>
    <ClInclude Include="MacroTime.h">
      <Filter>Header Files\Macros</Filter>
    </ClInclude>
    <ClInclude Include="MacroWindow.h">
      <Filter>Header Files\Macros</Filter>
    </ClInclude>
    <ClInclude Include="Camera.h">
      <Filter>Header Files\Render</Filter>
    </ClInclude>
    <ClInclude Include="FBO.h">
      <Filter>Header Files\Render</Filter>
    </ClInclude>
    <ClInclude Include="Matrices.h">
      <Filter>Header Files\Render</Filter>
    </ClInclude>
    <ClInclude Include="Mesh.h">
      <Filter>Header Files\Render</Filter>
    </ClInclude>
    <ClInclude Include="Renderer.h">
      <Filter>Header Files\Render</Filter>
    </ClInclude>
    <ClInclude Include="Shader.h">
      <Filter>Header Files\Render</Filter>
    </ClInclude>
    <ClInclude Include="VAO.h">
      <Filter>Header Files\Render</Filter>
    </ClInclude>
    <ClInclude Include="Texture.h">
      <Filter>Header Files\Render</Filter>
    </ClInclude>
    <ClInclude Include="GUIElement.h">
      <Filter>Header Files\Render\GUI</Filter>
    </ClInclude>
    <ClInclude Include="State.h">
      <Filter>Header Files\Update</Filter>
    </ClInclude>
    <ClInclude Include="Chunk.h">
      <Filter>Header Files\Update\Terrain</Filter>
    </ClInclude>
    <ClInclude Include="Terrain.h">
      <Filter>Header Files\Update\Terrain</Filter>
    </ClInclude>
    <ClInclude Include="Entity.h">
      <Filter>Header Files\Update\Entity</Filter>
    </ClInclude>
    <ClInclude Include="Player.h">
      <Filter>Header Files\Update\Entity</Filter>
    </ClInclude>
    <ClInclude Include="pugixml\pugiconfig.hpp">
      <Filter>pugixml</Filter>
    </ClInclude>
    <ClInclude Include="pugixml\pugixml.hpp">
      <Filter>pugixml</Filter>
    </ClInclude>
    <ClInclude Include="stb_image.h">
      <Filter>stb</Filter>
    </ClInclude>
    <ClInclude Include="font\stb_truetype.h">
      <Filter>stb</Filter>
    </ClInclude>
    <ClInclude Include="font\fontstash.h">
      <Filter>fontstash</Filter>
    </ClInclude>
    <ClInclude Include="font\glfontstash.h">
      <Filter>fontstash</Filter>
    </ClInclude>
  </ItemGroup>
  <ItemGroup>
    <Image Include="texture\block_grass_top.png">
      <Filter>Resources\Textures</Filter>
    </Image>
    <Image Include="texture\block_ground.png">
      <Filter>Resources\Textures</Filter>
    </Image>
    <Image Include="texture\test.png">
      <Filter>Resources\Textures</Filter>
    </Image>
  </ItemGroup>
  <ItemGroup>
    <Font Include="font\ConsolaMono-Bold.ttf">
      <Filter>Resources\Fonts</Filter>
    </Font>
    <Font Include="font\ConsolaMono.ttf">
      <Filter>Resources\Fonts</Filter>
    </Font>
  </ItemGroup>
  <ItemGroup>
    <None Include="texture\block.tex">
      <Filter>Resources\Textures</Filter>
    </None>
    <None Include="texture\block_grass_side.xcf">
      <Filter>Resources\Textures</Filter>
    </None>
    <None Include="texture\block_grass_top.xcf">
      <Filter>Resources\Textures</Filter>
    </None>
    <None Include="texture\block_ground.xcf">
      <Filter>Resources\Textures</Filter>
    </None>
    <None Include="texture\block_rock.xcf">
      <Filter>Resources\Textures</Filter>
    </None>
    <None Include="texture\block_sand.xcf">
      <Filter>Resources\Textures</Filter>
    </None>
    <None Include="texture\test.xcf">
      <Filter>Resources\Textures</Filter>
    </None>
    <None Include="shader\phong.frag">
      <Filter>Resources\Shaders</Filter>
    </None>
    <None Include="shader\phong.vert">
      <Filter>Resources\Shaders</Filter>
    </None>
    <None Include="shader\shadow.frag">
      <Filter>Resources\Shaders</Filter>
    </None>
    <None Include="shader\shadow.prog">
      <Filter>Resources\Shaders</Filter>
    </None>
    <None Include="shader\shadow.vert">
      <Filter>Resources\Shaders</Filter>
    </None>
    <None Include="shader\terrain.frag">
      <Filter>Resources\Shaders</Filter>
    </None>
    <None Include="shader\terrain.prog">
      <Filter>Resources\Shaders</Filter>
    </None>
    <None Include="shader\terrain.vert">
      <Filter>Resources\Shaders</Filter>
    </None>
    <None Include="shader\test_phong.frag">
      <Filter>Resources\Shaders</Filter>
    </None>
    <None Include="shader\test_phong.prog">
      <Filter>Resources\Shaders</Filter>
    </None>
    <None Include="shader\test_phong.vert">
      <Filter>Resources\Shaders</Filter>
    </None>
    <None Include="shader\textured.frag">
      <Filter>Resources\Shaders</Filter>
    </None>
    <None Include="shader\textured.prog">
      <Filter>Resources\Shaders</Filter>
    </None>
    <None Include="shader\basic.vert">
      <Filter>Resources\Shaders</Filter>
    </None>
    <None Include="shader\basic.prog">
      <Filter>Resources\Shaders</Filter>
    </None>
    <None Include="shader\basic.frag">
      <Filter>Resources\Shaders</Filter>
    </None>
  </ItemGroup>
  <ItemGroup>
    <Filter Include="Header Files">
      <UniqueIdentifier>{9253170b-9e96-42b9-94a1-db15de8f6ce8}</UniqueIdentifier>
    </Filter>
    <Filter Include="Source Files">
      <UniqueIdentifier>{63613740-52d5-4f0f-bb9e-6a961b5382e9}</UniqueIdentifier>
    </Filter>
    <Filter Include="Resources">
      <UniqueIdentifier>{faa431b1-346a-4383-bac5-46db3efff241}</UniqueIdentifier>
    </Filter>
    <Filter Include="Resources\Shaders">
      <UniqueIdentifier>{363ddc1f-a12c-491d-9b93-e299a1191054}</UniqueIdentifier>
    </Filter>
    <Filter Include="Resources\Fonts">
      <UniqueIdentifier>{e9a3f835-944b-4fd3-b2e4-725b56df2733}</UniqueIdentifier>
    </Filter>
    <Filter Include="Resources\Textures">
      <UniqueIdentifier>{3edbd598-a86e-40cb-ac5f-9499df53be8e}</UniqueIdentifier>
    </Filter>
    <Filter Include="Source Files\Update">
      <UniqueIdentifier>{5ba616e2-61c3-4c2d-ac55-a5c922b0b79d}</UniqueIdentifier>
    </Filter>
    <Filter Include="Source Files\Render">
      <UniqueIdentifier>{f31cb8fb-7e40-407a-a7ed-2e364c7137ad}</UniqueIdentifier>
    </Filter>
    <Filter Include="Source Files\Update\Terrain">
      <UniqueIdentifier>{6d0b0b3b-d983-473f-b108-350caf3608bb}</UniqueIdentifier>
    </Filter>
    <Filter Include="Source Files\Update\Entity">
      <UniqueIdentifier>{dc596125-1f8e-4a00-a0f6-8aec7acfe01d}</UniqueIdentifier>
    </Filter>
    <Filter Include="Source Files\Render\GUI">
      <UniqueIdentifier>{c667858f-f1da-4cd0-8d07-b6b2d5ebe3a9}</UniqueIdentifier>
    </Filter>
    <Filter Include="Header Files\Macros">
      <UniqueIdentifier>{47bbe195-2488-4e48-9ef1-910e1df9c850}</UniqueIdentifier>
    </Filter>
    <Filter Include="Header Files\Render">
      <UniqueIdentifier>{58da467b-a030-4e77-ae9f-8d4e3dd73067}</UniqueIdentifier>
    </Filter>
    <Filter Include="Header Files\Render\GUI">
      <UniqueIdentifier>{105c8522-447f-4810-8c49-e392bb5e91e5}</UniqueIdentifier>
    </Filter>
    <Filter Include="Header Files\Update">
      <UniqueIdentifier>{f5c040fc-5f61-434c-94bc-e20071bb69da}</UniqueIdentifier>
    </Filter>
    <Filter Include="Header Files\Update\Terrain">
      <UniqueIdentifier>{a7bec464-87e1-411a-b16d-52a92b4e18b3}</UniqueIdentifier>
    </Filter>
    <Filter Include="Header Files\Update\Entity">
      <UniqueIdentifier>{14211bec-eabd-4776-b206-03e63972c840}</UniqueIdentifier>
    </Filter>
    <Filter Include="pugixml">
      <UniqueIdentifier>{3d684389-6afb-42fb-ac26-a1dbd05044ff}</UniqueIdentifier>
    </Filter>
    <Filter Include="stb">
      <UniqueIdentifier>{4736317d-f4cc-4eb9-8c8e-eb38f7d58c0d}</UniqueIdentifier>
    </Filter>
    <Filter Include="fontstash">
      <UniqueIdentifier>{3b6827e7-626c-4f4b-990d-f7b78df039b7}</UniqueIdentifier>
    </Filter>
  </ItemGroup>
</Project>